// !$*UTF8*$!
{
	archiveVersion = 1;
	classes = {
	};
	objectVersion = 46;
	objects = {

/* Begin PBXBuildFile section */
		284CD26CB0B0F51668915014 /* Pods_RealmMapViewMVP.framework in Frameworks */ = {isa = PBXBuildFile; fileRef = E8CB7AFE7291589CEEBDEFE0 /* Pods_RealmMapViewMVP.framework */; };
		E01969FA1F6AFAAA0066E959 /* RestaurantDetailsPresenter.swift in Sources */ = {isa = PBXBuildFile; fileRef = E01969F91F6AFAAA0066E959 /* RestaurantDetailsPresenter.swift */; };
		E01969FD1F6AFB1C0066E959 /* RestaurantDetailsViewController.swift in Sources */ = {isa = PBXBuildFile; fileRef = E01969FB1F6AFB1C0066E959 /* RestaurantDetailsViewController.swift */; };
		E01969FE1F6AFB1C0066E959 /* RestaurantDetailsViewController.xib in Resources */ = {isa = PBXBuildFile; fileRef = E01969FC1F6AFB1C0066E959 /* RestaurantDetailsViewController.xib */; };
		E07367171F68759D00F587AC /* AppDelegate.swift in Sources */ = {isa = PBXBuildFile; fileRef = E07367161F68759D00F587AC /* AppDelegate.swift */; };
		E073671E1F68759D00F587AC /* Assets.xcassets in Resources */ = {isa = PBXBuildFile; fileRef = E073671D1F68759D00F587AC /* Assets.xcassets */; };
		E07367291F6877FD00F587AC /* Launch Screen.storyboard in Resources */ = {isa = PBXBuildFile; fileRef = E07367281F6877FD00F587AC /* Launch Screen.storyboard */; };
		E07367331F68795200F587AC /* MapViewController.swift in Sources */ = {isa = PBXBuildFile; fileRef = E07367311F68795200F587AC /* MapViewController.swift */; };
		E07367341F68795200F587AC /* MapViewController.xib in Resources */ = {isa = PBXBuildFile; fileRef = E07367321F68795200F587AC /* MapViewController.xib */; };
		E07367361F68798300F587AC /* MapPresenter.swift in Sources */ = {isa = PBXBuildFile; fileRef = E07367351F68798300F587AC /* MapPresenter.swift */; };
		E07367381F687A1300F587AC /* NavigationTransitionType.swift in Sources */ = {isa = PBXBuildFile; fileRef = E07367371F687A1300F587AC /* NavigationTransitionType.swift */; };
		E073673A1F687A2F00F587AC /* NavigationScene.swift in Sources */ = {isa = PBXBuildFile; fileRef = E07367391F687A2F00F587AC /* NavigationScene.swift */; };
		E073673C1F687A7500F587AC /* Navigator.swift in Sources */ = {isa = PBXBuildFile; fileRef = E073673B1F687A7500F587AC /* Navigator.swift */; };
		E073673E1F687D9200F587AC /* RealmConfig.swift in Sources */ = {isa = PBXBuildFile; fileRef = E073673D1F687D9200F587AC /* RealmConfig.swift */; };
		E07367401F688F6200F587AC /* CustomAnnotationView.swift in Sources */ = {isa = PBXBuildFile; fileRef = E073673F1F688F6200F587AC /* CustomAnnotationView.swift */; };
		E07367431F688F8500F587AC /* Identifiable.swift in Sources */ = {isa = PBXBuildFile; fileRef = E07367421F688F8500F587AC /* Identifiable.swift */; };
		E07367461F68943D00F587AC /* UIColor.swift in Sources */ = {isa = PBXBuildFile; fileRef = E07367451F68943D00F587AC /* UIColor.swift */; };
		E07367481F69CF7900F587AC /* LocationManager.swift in Sources */ = {isa = PBXBuildFile; fileRef = E07367471F69CF7900F587AC /* LocationManager.swift */; };
		E073674B1F69D28100F587AC /* LocationError.swift in Sources */ = {isa = PBXBuildFile; fileRef = E073674A1F69D28100F587AC /* LocationError.swift */; };
		E073674D1F69D76C00F587AC /* Alertable.swift in Sources */ = {isa = PBXBuildFile; fileRef = E073674C1F69D76C00F587AC /* Alertable.swift */; };
		E073674F1F69DADC00F587AC /* MKMapView.swift in Sources */ = {isa = PBXBuildFile; fileRef = E073674E1F69DADC00F587AC /* MKMapView.swift */; };
		E07367511F69DB6D00F587AC /* Result.swift in Sources */ = {isa = PBXBuildFile; fileRef = E07367501F69DB6D00F587AC /* Result.swift */; };
/* End PBXBuildFile section */

/* Begin PBXFileReference section */
		3C4B7DDFB504D9797F2B8ABD /* Pods-RealmMapViewMVP.release.xcconfig */ = {isa = PBXFileReference; includeInIndex = 1; lastKnownFileType = text.xcconfig; name = "Pods-RealmMapViewMVP.release.xcconfig"; path = "Pods/Target Support Files/Pods-RealmMapViewMVP/Pods-RealmMapViewMVP.release.xcconfig"; sourceTree = "<group>"; };
		E01969F91F6AFAAA0066E959 /* RestaurantDetailsPresenter.swift */ = {isa = PBXFileReference; fileEncoding = 4; lastKnownFileType = sourcecode.swift; path = RestaurantDetailsPresenter.swift; sourceTree = "<group>"; };
		E01969FB1F6AFB1C0066E959 /* RestaurantDetailsViewController.swift */ = {isa = PBXFileReference; fileEncoding = 4; lastKnownFileType = sourcecode.swift; path = RestaurantDetailsViewController.swift; sourceTree = "<group>"; };
		E01969FC1F6AFB1C0066E959 /* RestaurantDetailsViewController.xib */ = {isa = PBXFileReference; fileEncoding = 4; lastKnownFileType = file.xib; path = RestaurantDetailsViewController.xib; sourceTree = "<group>"; };
		E07367131F68759D00F587AC /* RealmMapViewMVP.app */ = {isa = PBXFileReference; explicitFileType = wrapper.application; includeInIndex = 0; path = RealmMapViewMVP.app; sourceTree = BUILT_PRODUCTS_DIR; };
		E07367161F68759D00F587AC /* AppDelegate.swift */ = {isa = PBXFileReference; lastKnownFileType = sourcecode.swift; path = AppDelegate.swift; sourceTree = "<group>"; };
		E073671D1F68759D00F587AC /* Assets.xcassets */ = {isa = PBXFileReference; lastKnownFileType = folder.assetcatalog; path = Assets.xcassets; sourceTree = "<group>"; };
		E07367221F68759D00F587AC /* Info.plist */ = {isa = PBXFileReference; lastKnownFileType = text.plist.xml; path = Info.plist; sourceTree = "<group>"; };
		E07367281F6877FD00F587AC /* Launch Screen.storyboard */ = {isa = PBXFileReference; fileEncoding = 4; lastKnownFileType = file.storyboard; path = "Launch Screen.storyboard"; sourceTree = "<group>"; };
		E07367311F68795200F587AC /* MapViewController.swift */ = {isa = PBXFileReference; fileEncoding = 4; lastKnownFileType = sourcecode.swift; path = MapViewController.swift; sourceTree = "<group>"; };
		E07367321F68795200F587AC /* MapViewController.xib */ = {isa = PBXFileReference; fileEncoding = 4; lastKnownFileType = file.xib; path = MapViewController.xib; sourceTree = "<group>"; };
		E07367351F68798300F587AC /* MapPresenter.swift */ = {isa = PBXFileReference; fileEncoding = 4; lastKnownFileType = sourcecode.swift; path = MapPresenter.swift; sourceTree = "<group>"; };
		E07367371F687A1300F587AC /* NavigationTransitionType.swift */ = {isa = PBXFileReference; fileEncoding = 4; lastKnownFileType = sourcecode.swift; path = NavigationTransitionType.swift; sourceTree = "<group>"; };
		E07367391F687A2F00F587AC /* NavigationScene.swift */ = {isa = PBXFileReference; fileEncoding = 4; lastKnownFileType = sourcecode.swift; path = NavigationScene.swift; sourceTree = "<group>"; };
		E073673B1F687A7500F587AC /* Navigator.swift */ = {isa = PBXFileReference; fileEncoding = 4; lastKnownFileType = sourcecode.swift; path = Navigator.swift; sourceTree = "<group>"; };
		E073673D1F687D9200F587AC /* RealmConfig.swift */ = {isa = PBXFileReference; fileEncoding = 4; lastKnownFileType = sourcecode.swift; path = RealmConfig.swift; sourceTree = "<group>"; };
		E073673F1F688F6200F587AC /* CustomAnnotationView.swift */ = {isa = PBXFileReference; fileEncoding = 4; lastKnownFileType = sourcecode.swift; path = CustomAnnotationView.swift; sourceTree = "<group>"; };
		E07367421F688F8500F587AC /* Identifiable.swift */ = {isa = PBXFileReference; fileEncoding = 4; lastKnownFileType = sourcecode.swift; path = Identifiable.swift; sourceTree = "<group>"; };
		E07367451F68943D00F587AC /* UIColor.swift */ = {isa = PBXFileReference; fileEncoding = 4; lastKnownFileType = sourcecode.swift; path = UIColor.swift; sourceTree = "<group>"; };
		E07367471F69CF7900F587AC /* LocationManager.swift */ = {isa = PBXFileReference; fileEncoding = 4; lastKnownFileType = sourcecode.swift; path = LocationManager.swift; sourceTree = "<group>"; };
		E073674A1F69D28100F587AC /* LocationError.swift */ = {isa = PBXFileReference; fileEncoding = 4; lastKnownFileType = sourcecode.swift; path = LocationError.swift; sourceTree = "<group>"; };
		E073674C1F69D76C00F587AC /* Alertable.swift */ = {isa = PBXFileReference; fileEncoding = 4; lastKnownFileType = sourcecode.swift; path = Alertable.swift; sourceTree = "<group>"; };
		E073674E1F69DADC00F587AC /* MKMapView.swift */ = {isa = PBXFileReference; fileEncoding = 4; lastKnownFileType = sourcecode.swift; path = MKMapView.swift; sourceTree = "<group>"; };
		E07367501F69DB6D00F587AC /* Result.swift */ = {isa = PBXFileReference; fileEncoding = 4; lastKnownFileType = sourcecode.swift; path = Result.swift; sourceTree = "<group>"; };
		E44C11FE3076D63239ED7651 /* Pods-RealmMapViewMVP.debug.xcconfig */ = {isa = PBXFileReference; includeInIndex = 1; lastKnownFileType = text.xcconfig; name = "Pods-RealmMapViewMVP.debug.xcconfig"; path = "Pods/Target Support Files/Pods-RealmMapViewMVP/Pods-RealmMapViewMVP.debug.xcconfig"; sourceTree = "<group>"; };
		E8CB7AFE7291589CEEBDEFE0 /* Pods_RealmMapViewMVP.framework */ = {isa = PBXFileReference; explicitFileType = wrapper.framework; includeInIndex = 0; path = Pods_RealmMapViewMVP.framework; sourceTree = BUILT_PRODUCTS_DIR; };
/* End PBXFileReference section */

/* Begin PBXFrameworksBuildPhase section */
		E07367101F68759D00F587AC /* Frameworks */ = {
			isa = PBXFrameworksBuildPhase;
			buildActionMask = 2147483647;
			files = (
				284CD26CB0B0F51668915014 /* Pods_RealmMapViewMVP.framework in Frameworks */,
			);
			runOnlyForDeploymentPostprocessing = 0;
		};
/* End PBXFrameworksBuildPhase section */

/* Begin PBXGroup section */
		0C0260B4F3E003189E8E1E16 /* Pods */ = {
			isa = PBXGroup;
			children = (
				E44C11FE3076D63239ED7651 /* Pods-RealmMapViewMVP.debug.xcconfig */,
				3C4B7DDFB504D9797F2B8ABD /* Pods-RealmMapViewMVP.release.xcconfig */,
			);
			name = Pods;
			sourceTree = "<group>";
		};
		CA28BC8953CD2646131DD205 /* Frameworks */ = {
			isa = PBXGroup;
			children = (
				E8CB7AFE7291589CEEBDEFE0 /* Pods_RealmMapViewMVP.framework */,
			);
			name = Frameworks;
			sourceTree = "<group>";
		};
		E073670A1F68759D00F587AC = {
			isa = PBXGroup;
			children = (
				E07367151F68759D00F587AC /* RealmMapViewMVP */,
				E07367141F68759D00F587AC /* Products */,
				0C0260B4F3E003189E8E1E16 /* Pods */,
				CA28BC8953CD2646131DD205 /* Frameworks */,
			);
			sourceTree = "<group>";
		};
		E07367141F68759D00F587AC /* Products */ = {
			isa = PBXGroup;
			children = (
				E07367131F68759D00F587AC /* RealmMapViewMVP.app */,
			);
			name = Products;
			sourceTree = "<group>";
		};
		E07367151F68759D00F587AC /* RealmMapViewMVP */ = {
			isa = PBXGroup;
			children = (
				E07367491F69D27800F587AC /* Enums */,
				E07367441F6893EF00F587AC /* Extension */,
				E07367411F688F7800F587AC /* Protocols */,
				E07367301F68792E00F587AC /* Navigation */,
				E073672F1F6878AE00F587AC /* Managers */,
				E073672A1F68780900F587AC /* Contexts */,
				E073672E1F68787900F587AC /* CustomViews */,
				E073672B1F68781300F587AC /* Resources */,
			);
			path = RealmMapViewMVP;
			sourceTree = "<group>";
		};
		E073672A1F68780900F587AC /* Contexts */ = {
			isa = PBXGroup;
			children = (
				E07367161F68759D00F587AC /* AppDelegate.swift */,
				E073672C1F68782C00F587AC /* Map */,
				E073672D1F68783500F587AC /* RestaurantDetails */,
			);
			name = Contexts;
			sourceTree = "<group>";
		};
		E073672B1F68781300F587AC /* Resources */ = {
			isa = PBXGroup;
			children = (
				E073671D1F68759D00F587AC /* Assets.xcassets */,
				E07367221F68759D00F587AC /* Info.plist */,
				E07367281F6877FD00F587AC /* Launch Screen.storyboard */,
			);
			name = Resources;
			sourceTree = "<group>";
		};
		E073672C1F68782C00F587AC /* Map */ = {
			isa = PBXGroup;
			children = (
				E07367311F68795200F587AC /* MapViewController.swift */,
				E07367321F68795200F587AC /* MapViewController.xib */,
				E07367351F68798300F587AC /* MapPresenter.swift */,
			);
			name = Map;
			sourceTree = "<group>";
		};
		E073672D1F68783500F587AC /* RestaurantDetails */ = {
			isa = PBXGroup;
			children = (
				E01969FB1F6AFB1C0066E959 /* RestaurantDetailsViewController.swift */,
				E01969FC1F6AFB1C0066E959 /* RestaurantDetailsViewController.xib */,
				E01969F91F6AFAAA0066E959 /* RestaurantDetailsPresenter.swift */,
			);
			name = RestaurantDetails;
			sourceTree = "<group>";
		};
		E073672E1F68787900F587AC /* CustomViews */ = {
			isa = PBXGroup;
			children = (
				E073673F1F688F6200F587AC /* CustomAnnotationView.swift */,
			);
			name = CustomViews;
			sourceTree = "<group>";
		};
		E073672F1F6878AE00F587AC /* Managers */ = {
			isa = PBXGroup;
			children = (
				E073673D1F687D9200F587AC /* RealmConfig.swift */,
				E07367471F69CF7900F587AC /* LocationManager.swift */,
			);
			name = Managers;
			sourceTree = "<group>";
		};
		E07367301F68792E00F587AC /* Navigation */ = {
			isa = PBXGroup;
			children = (
				E073673B1F687A7500F587AC /* Navigator.swift */,
				E07367371F687A1300F587AC /* NavigationTransitionType.swift */,
				E07367391F687A2F00F587AC /* NavigationScene.swift */,
			);
			name = Navigation;
			sourceTree = "<group>";
		};
		E07367411F688F7800F587AC /* Protocols */ = {
			isa = PBXGroup;
			children = (
				E07367421F688F8500F587AC /* Identifiable.swift */,
				E073674C1F69D76C00F587AC /* Alertable.swift */,
			);
			name = Protocols;
			sourceTree = "<group>";
		};
		E07367441F6893EF00F587AC /* Extension */ = {
			isa = PBXGroup;
			children = (
				E07367451F68943D00F587AC /* UIColor.swift */,
				E073674E1F69DADC00F587AC /* MKMapView.swift */,
			);
			name = Extension;
			sourceTree = "<group>";
		};
		E07367491F69D27800F587AC /* Enums */ = {
			isa = PBXGroup;
			children = (
				E073674A1F69D28100F587AC /* LocationError.swift */,
				E07367501F69DB6D00F587AC /* Result.swift */,
			);
			name = Enums;
			sourceTree = "<group>";
		};
/* End PBXGroup section */

/* Begin PBXNativeTarget section */
		E07367121F68759D00F587AC /* RealmMapViewMVP */ = {
			isa = PBXNativeTarget;
			buildConfigurationList = E07367251F68759D00F587AC /* Build configuration list for PBXNativeTarget "RealmMapViewMVP" */;
			buildPhases = (
				D22AC8548F6AA4A5B57FB571 /* [CP] Check Pods Manifest.lock */,
				E073670F1F68759D00F587AC /* Sources */,
				E07367101F68759D00F587AC /* Frameworks */,
				E07367111F68759D00F587AC /* Resources */,
				4763098D997657ED0FE18F7F /* [CP] Embed Pods Frameworks */,
				242A149D6E414A6F96A6D99D /* [CP] Copy Pods Resources */,
			);
			buildRules = (
			);
			dependencies = (
			);
			name = RealmMapViewMVP;
			productName = RealmMapViewMVP;
			productReference = E07367131F68759D00F587AC /* RealmMapViewMVP.app */;
			productType = "com.apple.product-type.application";
		};
/* End PBXNativeTarget section */

/* Begin PBXProject section */
		E073670B1F68759D00F587AC /* Project object */ = {
			isa = PBXProject;
			attributes = {
				LastSwiftUpdateCheck = 0830;
				LastUpgradeCheck = 0830;
				ORGANIZATIONNAME = "Amadeu Andrade";
				TargetAttributes = {
					E07367121F68759D00F587AC = {
						CreatedOnToolsVersion = 8.3.3;
						DevelopmentTeam = P8WVW27EH5;
						ProvisioningStyle = Automatic;
					};
				};
			};
			buildConfigurationList = E073670E1F68759D00F587AC /* Build configuration list for PBXProject "RealmMapViewMVP" */;
			compatibilityVersion = "Xcode 3.2";
			developmentRegion = English;
			hasScannedForEncodings = 0;
			knownRegions = (
				en,
				Base,
			);
			mainGroup = E073670A1F68759D00F587AC;
			productRefGroup = E07367141F68759D00F587AC /* Products */;
			projectDirPath = "";
			projectRoot = "";
			targets = (
				E07367121F68759D00F587AC /* RealmMapViewMVP */,
			);
		};
/* End PBXProject section */

/* Begin PBXResourcesBuildPhase section */
		E07367111F68759D00F587AC /* Resources */ = {
			isa = PBXResourcesBuildPhase;
			buildActionMask = 2147483647;
			files = (
				E07367291F6877FD00F587AC /* Launch Screen.storyboard in Resources */,
				E07367341F68795200F587AC /* MapViewController.xib in Resources */,
				E01969FE1F6AFB1C0066E959 /* RestaurantDetailsViewController.xib in Resources */,
				E073671E1F68759D00F587AC /* Assets.xcassets in Resources */,
			);
			runOnlyForDeploymentPostprocessing = 0;
		};
/* End PBXResourcesBuildPhase section */

/* Begin PBXShellScriptBuildPhase section */
		242A149D6E414A6F96A6D99D /* [CP] Copy Pods Resources */ = {
			isa = PBXShellScriptBuildPhase;
			buildActionMask = 2147483647;
			files = (
			);
			inputPaths = (
			);
			name = "[CP] Copy Pods Resources";
			outputPaths = (
			);
			runOnlyForDeploymentPostprocessing = 0;
			shellPath = /bin/sh;
			shellScript = "\"${SRCROOT}/Pods/Target Support Files/Pods-RealmMapViewMVP/Pods-RealmMapViewMVP-resources.sh\"\n";
			showEnvVarsInLog = 0;
		};
		4763098D997657ED0FE18F7F /* [CP] Embed Pods Frameworks */ = {
			isa = PBXShellScriptBuildPhase;
			buildActionMask = 2147483647;
			files = (
			);
			inputPaths = (
			);
			name = "[CP] Embed Pods Frameworks";
			outputPaths = (
			);
			runOnlyForDeploymentPostprocessing = 0;
			shellPath = /bin/sh;
			shellScript = "\"${SRCROOT}/Pods/Target Support Files/Pods-RealmMapViewMVP/Pods-RealmMapViewMVP-frameworks.sh\"\n";
			showEnvVarsInLog = 0;
		};
		D22AC8548F6AA4A5B57FB571 /* [CP] Check Pods Manifest.lock */ = {
			isa = PBXShellScriptBuildPhase;
			buildActionMask = 2147483647;
			files = (
			);
			inputPaths = (
			);
			name = "[CP] Check Pods Manifest.lock";
			outputPaths = (
			);
			runOnlyForDeploymentPostprocessing = 0;
			shellPath = /bin/sh;
			shellScript = "diff \"${PODS_PODFILE_DIR_PATH}/Podfile.lock\" \"${PODS_ROOT}/Manifest.lock\" > /dev/null\nif [ $? != 0 ] ; then\n    # print error to STDERR\n    echo \"error: The sandbox is not in sync with the Podfile.lock. Run 'pod install' or update your CocoaPods installation.\" >&2\n    exit 1\nfi\n";
			showEnvVarsInLog = 0;
		};
/* End PBXShellScriptBuildPhase section */

/* Begin PBXSourcesBuildPhase section */
		E073670F1F68759D00F587AC /* Sources */ = {
			isa = PBXSourcesBuildPhase;
			buildActionMask = 2147483647;
			files = (
				E073673E1F687D9200F587AC /* RealmConfig.swift in Sources */,
				E073673A1F687A2F00F587AC /* NavigationScene.swift in Sources */,
				E07367171F68759D00F587AC /* AppDelegate.swift in Sources */,
				E07367481F69CF7900F587AC /* LocationManager.swift in Sources */,
				E01969FA1F6AFAAA0066E959 /* RestaurantDetailsPresenter.swift in Sources */,
				E07367331F68795200F587AC /* MapViewController.swift in Sources */,
				E01969FD1F6AFB1C0066E959 /* RestaurantDetailsViewController.swift in Sources */,
				E073674D1F69D76C00F587AC /* Alertable.swift in Sources */,
				E07367511F69DB6D00F587AC /* Result.swift in Sources */,
				E07367431F688F8500F587AC /* Identifiable.swift in Sources */,
				E07367381F687A1300F587AC /* NavigationTransitionType.swift in Sources */,
				E07367361F68798300F587AC /* MapPresenter.swift in Sources */,
				E07367401F688F6200F587AC /* CustomAnnotationView.swift in Sources */,
				E073674B1F69D28100F587AC /* LocationError.swift in Sources */,
				E073673C1F687A7500F587AC /* Navigator.swift in Sources */,
				E07367461F68943D00F587AC /* UIColor.swift in Sources */,
				E073674F1F69DADC00F587AC /* MKMapView.swift in Sources */,
			);
			runOnlyForDeploymentPostprocessing = 0;
		};
/* End PBXSourcesBuildPhase section */

/* Begin XCBuildConfiguration section */
		E07367231F68759D00F587AC /* Debug */ = {
			isa = XCBuildConfiguration;
			buildSettings = {
				ALWAYS_SEARCH_USER_PATHS = NO;
				CLANG_ANALYZER_NONNULL = YES;
				CLANG_ANALYZER_NUMBER_OBJECT_CONVERSION = YES_AGGRESSIVE;
				CLANG_CXX_LANGUAGE_STANDARD = "gnu++0x";
				CLANG_CXX_LIBRARY = "libc++";
				CLANG_ENABLE_MODULES = YES;
				CLANG_ENABLE_OBJC_ARC = YES;
				CLANG_WARN_BOOL_CONVERSION = YES;
				CLANG_WARN_CONSTANT_CONVERSION = YES;
				CLANG_WARN_DIRECT_OBJC_ISA_USAGE = YES_ERROR;
				CLANG_WARN_DOCUMENTATION_COMMENTS = YES;
				CLANG_WARN_EMPTY_BODY = YES;
				CLANG_WARN_ENUM_CONVERSION = YES;
				CLANG_WARN_INFINITE_RECURSION = YES;
				CLANG_WARN_INT_CONVERSION = YES;
				CLANG_WARN_OBJC_ROOT_CLASS = YES_ERROR;
				CLANG_WARN_SUSPICIOUS_MOVE = YES;
				CLANG_WARN_UNREACHABLE_CODE = YES;
				CLANG_WARN__DUPLICATE_METHOD_MATCH = YES;
				"CODE_SIGN_IDENTITY[sdk=iphoneos*]" = "iPhone Developer";
				COPY_PHASE_STRIP = NO;
				DEBUG_INFORMATION_FORMAT = dwarf;
				ENABLE_STRICT_OBJC_MSGSEND = YES;
				ENABLE_TESTABILITY = YES;
				GCC_C_LANGUAGE_STANDARD = gnu99;
				GCC_DYNAMIC_NO_PIC = NO;
				GCC_NO_COMMON_BLOCKS = YES;
				GCC_OPTIMIZATION_LEVEL = 0;
				GCC_PREPROCESSOR_DEFINITIONS = (
					"DEBUG=1",
					"$(inherited)",
				);
				GCC_WARN_64_TO_32_BIT_CONVERSION = YES;
				GCC_WARN_ABOUT_RETURN_TYPE = YES_ERROR;
				GCC_WARN_UNDECLARED_SELECTOR = YES;
				GCC_WARN_UNINITIALIZED_AUTOS = YES_AGGRESSIVE;
				GCC_WARN_UNUSED_FUNCTION = YES;
				GCC_WARN_UNUSED_VARIABLE = YES;
				IPHONEOS_DEPLOYMENT_TARGET = 10.3;
				MTL_ENABLE_DEBUG_INFO = YES;
				ONLY_ACTIVE_ARCH = YES;
				SDKROOT = iphoneos;
				SWIFT_ACTIVE_COMPILATION_CONDITIONS = DEBUG;
				SWIFT_OPTIMIZATION_LEVEL = "-Onone";
			};
			name = Debug;
		};
		E07367241F68759D00F587AC /* Release */ = {
			isa = XCBuildConfiguration;
			buildSettings = {
				ALWAYS_SEARCH_USER_PATHS = NO;
				CLANG_ANALYZER_NONNULL = YES;
				CLANG_ANALYZER_NUMBER_OBJECT_CONVERSION = YES_AGGRESSIVE;
				CLANG_CXX_LANGUAGE_STANDARD = "gnu++0x";
				CLANG_CXX_LIBRARY = "libc++";
				CLANG_ENABLE_MODULES = YES;
				CLANG_ENABLE_OBJC_ARC = YES;
				CLANG_WARN_BOOL_CONVERSION = YES;
				CLANG_WARN_CONSTANT_CONVERSION = YES;
				CLANG_WARN_DIRECT_OBJC_ISA_USAGE = YES_ERROR;
				CLANG_WARN_DOCUMENTATION_COMMENTS = YES;
				CLANG_WARN_EMPTY_BODY = YES;
				CLANG_WARN_ENUM_CONVERSION = YES;
				CLANG_WARN_INFINITE_RECURSION = YES;
				CLANG_WARN_INT_CONVERSION = YES;
				CLANG_WARN_OBJC_ROOT_CLASS = YES_ERROR;
				CLANG_WARN_SUSPICIOUS_MOVE = YES;
				CLANG_WARN_UNREACHABLE_CODE = YES;
				CLANG_WARN__DUPLICATE_METHOD_MATCH = YES;
				"CODE_SIGN_IDENTITY[sdk=iphoneos*]" = "iPhone Developer";
				COPY_PHASE_STRIP = NO;
				DEBUG_INFORMATION_FORMAT = "dwarf-with-dsym";
				ENABLE_NS_ASSERTIONS = NO;
				ENABLE_STRICT_OBJC_MSGSEND = YES;
				GCC_C_LANGUAGE_STANDARD = gnu99;
				GCC_NO_COMMON_BLOCKS = YES;
				GCC_WARN_64_TO_32_BIT_CONVERSION = YES;
				GCC_WARN_ABOUT_RETURN_TYPE = YES_ERROR;
				GCC_WARN_UNDECLARED_SELECTOR = YES;
				GCC_WARN_UNINITIALIZED_AUTOS = YES_AGGRESSIVE;
				GCC_WARN_UNUSED_FUNCTION = YES;
				GCC_WARN_UNUSED_VARIABLE = YES;
				IPHONEOS_DEPLOYMENT_TARGET = 10.3;
				MTL_ENABLE_DEBUG_INFO = NO;
				SDKROOT = iphoneos;
				SWIFT_OPTIMIZATION_LEVEL = "-Owholemodule";
				VALIDATE_PRODUCT = YES;
			};
			name = Release;
		};
		E07367261F68759D00F587AC /* Debug */ = {
			isa = XCBuildConfiguration;
			baseConfigurationReference = E44C11FE3076D63239ED7651 /* Pods-RealmMapViewMVP.debug.xcconfig */;
			buildSettings = {
				ASSETCATALOG_COMPILER_APPICON_NAME = AppIcon;
				DEVELOPMENT_TEAM = P8WVW27EH5;
				INFOPLIST_FILE = RealmMapViewMVP/Info.plist;
				LD_RUNPATH_SEARCH_PATHS = "$(inherited) @executable_path/Frameworks";
				PRODUCT_BUNDLE_IDENTIFIER = com.amadeuandrade.RealmMapViewMVP;
				PRODUCT_NAME = "$(TARGET_NAME)";
				SWIFT_VERSION = 3.0;
			};
			name = Debug;
		};
		E07367271F68759D00F587AC /* Release */ = {
			isa = XCBuildConfiguration;
			baseConfigurationReference = 3C4B7DDFB504D9797F2B8ABD /* Pods-RealmMapViewMVP.release.xcconfig */;
			buildSettings = {
				ASSETCATALOG_COMPILER_APPICON_NAME = AppIcon;
				DEVELOPMENT_TEAM = P8WVW27EH5;
				INFOPLIST_FILE = RealmMapViewMVP/Info.plist;
				LD_RUNPATH_SEARCH_PATHS = "$(inherited) @executable_path/Frameworks";
				PRODUCT_BUNDLE_IDENTIFIER = com.amadeuandrade.RealmMapViewMVP;
				PRODUCT_NAME = "$(TARGET_NAME)";
				SWIFT_VERSION = 3.0;
			};
			name = Release;
		};
/* End XCBuildConfiguration section */

/* Begin XCConfigurationList section */
		E073670E1F68759D00F587AC /* Build configuration list for PBXProject "RealmMapViewMVP" */ = {
			isa = XCConfigurationList;
			buildConfigurations = (
				E07367231F68759D00F587AC /* Debug */,
				E07367241F68759D00F587AC /* Release */,
			);
			defaultConfigurationIsVisible = 0;
			defaultConfigurationName = Release;
		};
		E07367251F68759D00F587AC /* Build configuration list for PBXNativeTarget "RealmMapViewMVP" */ = {
			isa = XCConfigurationList;
			buildConfigurations = (
				E07367261F68759D00F587AC /* Debug */,
				E07367271F68759D00F587AC /* Release */,
			);
			defaultConfigurationIsVisible = 0;
			defaultConfigurationName = Release;
		};
/* End XCConfigurationList section */
	};
	rootObject = E073670B1F68759D00F587AC /* Project object */;
}
